
Microsoft Visual Studio Solution File, Format Version 12.00
# Visual Studio 2017
Project("{FAE04EC0-301F-11D3-BF4B-00C04F79EFBC}") = "SurfaceStudioAndDial", "SurfaceStudioAndDial.csproj", "{97EC26EB-D8A9-6510-E7E7-4A63FD989C6A}"
EndProject
Project("{FAE04EC0-301F-11D3-BF4B-00C04F79EFBC}") = "SurfaceStudioAndDial.Plugins", "SurfaceStudioAndDial.Plugins.csproj", "{BE443097-F57A-DF57-89B2-1AA04651B39D}"
EndProject
Project("{FAE04EC0-301F-11D3-BF4B-00C04F79EFBC}") = "SurfaceStudioAndDial.Editor", "SurfaceStudioAndDial.Editor.csproj", "{DA3EC004-1F87-61A0-A871-8E59EA3215EC}"
EndProject
Global
	GlobalSection(SolutionConfigurationPlatforms) = preSolution
		Debug|Any CPU = Debug|Any CPU
		Release|Any CPU = Release|Any CPU
	EndGlobalSection
	GlobalSection(ProjectConfigurationPlatforms) = postSolution
		{97EC26EB-D8A9-6510-E7E7-4A63FD989C6A}.Debug|Any CPU.ActiveCfg = Debug|Any CPU
		{97EC26EB-D8A9-6510-E7E7-4A63FD989C6A}.Debug|Any CPU.Build.0 = Debug|Any CPU
		{97EC26EB-D8A9-6510-E7E7-4A63FD989C6A}.Release|Any CPU.ActiveCfg = Release|Any CPU
		{97EC26EB-D8A9-6510-E7E7-4A63FD989C6A}.Release|Any CPU.Build.0 = Release|Any CPU
		{BE443097-F57A-DF57-89B2-1AA04651B39D}.Debug|Any CPU.ActiveCfg = Debug|Any CPU
		{BE443097-F57A-DF57-89B2-1AA04651B39D}.Debug|Any CPU.Build.0 = Debug|Any CPU
		{BE443097-F57A-DF57-89B2-1AA04651B39D}.Release|Any CPU.ActiveCfg = Release|Any CPU
		{BE443097-F57A-DF57-89B2-1AA04651B39D}.Release|Any CPU.Build.0 = Release|Any CPU
		{DA3EC004-1F87-61A0-A871-8E59EA3215EC}.Debug|Any CPU.ActiveCfg = Debug|Any CPU
		{DA3EC004-1F87-61A0-A871-8E59EA3215EC}.Debug|Any CPU.Build.0 = Debug|Any CPU
		{DA3EC004-1F87-61A0-A871-8E59EA3215EC}.Release|Any CPU.ActiveCfg = Release|Any CPU
		{DA3EC004-1F87-61A0-A871-8E59EA3215EC}.Release|Any CPU.Build.0 = Release|Any CPU
	EndGlobalSection
	GlobalSection(SolutionProperties) = preSolution
		HideSolutionNode = FALSE
	EndGlobalSection
EndGlobal
